
Microsoft Visual Studio Solution File, Format Version 12.00
# Visual Studio Version 17
VisualStudioVersion = 17.1.32210.238
MinimumVisualStudioVersion = 10.0.40219.1
Project("{2150E333-8FDC-42A3-9474-1A3956D46DE8}") = "src", "src", "{CFFB1EB9-6447-4C20-8400-27D7E2B04508}"
EndProject
Project("{2150E333-8FDC-42A3-9474-1A3956D46DE8}") = "tests", "tests", "{1362EA01-9B01-4E17-A8FB-E42730A2AAB1}"
EndProject
Project("{2150E333-8FDC-42A3-9474-1A3956D46DE8}") = "corePackages", "corePackages", "{01B7F227-CE8F-41FD-9AF8-6AF5E5259161}"
EndProject
Project("{2150E333-8FDC-42A3-9474-1A3956D46DE8}") = "demoProjects", "demoProjects", "{84E05683-0E4A-4FB1-8FD4-9F0C509BC74C}"
EndProject
Project("{9A19103F-16F7-4668-BE54-9A1E7A4F7556}") = "Core.Application", "src\corePackages\Core.Application\Core.Application.csproj", "{CD9A8AA1-5CAB-4218-91C5-2550BB86354A}"
EndProject
Project("{9A19103F-16F7-4668-BE54-9A1E7A4F7556}") = "Core.CrossCuttingConcerns", "src\corePackages\Core.CrossCuttingConcers\Core.CrossCuttingConcerns.csproj", "{A6D04B11-0C09-4361-B044-B743F61D9E06}"
EndProject
Project("{9A19103F-16F7-4668-BE54-9A1E7A4F7556}") = "Core.ElasticSearch", "src\corePackages\Core.ElasticSearch\Core.ElasticSearch.csproj", "{EAE0F331-1D99-42F6-9926-34C3EAD78BBF}"
EndProject
Project("{9A19103F-16F7-4668-BE54-9A1E7A4F7556}") = "Core.Mailing", "src\corePackages\Core.Mailing\Core.Mailing.csproj", "{4EA615C5-8C04-4EA1-91DA-C86DA54D2E63}"
EndProject
Project("{9A19103F-16F7-4668-BE54-9A1E7A4F7556}") = "Core.Persistence", "src\corePackages\Core.Persistence\Core.Persistence.csproj", "{54635492-7F95-449B-8C5B-493566F68D4A}"
EndProject
Project("{9A19103F-16F7-4668-BE54-9A1E7A4F7556}") = "Core.Security", "src\corePackages\Core.Security\Core.Security.csproj", "{00AA7CFA-B348-4303-B3D0-40750DA10B94}"
EndProject
Project("{2150E333-8FDC-42A3-9474-1A3956D46DE8}") = "templateProject", "templateProject", "{11C509DD-21AC-415F-B2F2-EB58985F2703}"
EndProject
Project("{9A19103F-16F7-4668-BE54-9A1E7A4F7556}") = "Application", "src\demoProjects\templateProject\Application\Application.csproj", "{78EA22FC-B933-4349-A097-556A076009F1}"
EndProject
Project("{9A19103F-16F7-4668-BE54-9A1E7A4F7556}") = "Domain", "src\demoProjects\templateProject\Domain\Domain.csproj", "{D0D4D281-24C1-4EE0-88D6-01FA18B90442}"
EndProject
Project("{9A19103F-16F7-4668-BE54-9A1E7A4F7556}") = "Infrastructure", "src\demoProjects\templateProject\Infrastructure\Infrastructure.csproj", "{1A88B2CE-A954-4709-B15E-F6F1210AD2FD}"
EndProject
Project("{9A19103F-16F7-4668-BE54-9A1E7A4F7556}") = "Persistence", "src\demoProjects\templateProject\Persistence\Persistence.csproj", "{53D6E924-1C32-4039-8192-CE1BEA129C61}"
EndProject
Project("{9A19103F-16F7-4668-BE54-9A1E7A4F7556}") = "WebAPI", "src\demoProjects\templateProject\WebAPI\WebAPI.csproj", "{54568B1F-31E7-4BA3-A2ED-826E85050603}"
EndProject
Project("{2150E333-8FDC-42A3-9474-1A3956D46DE8}") = "rentACar", "rentACar", "{E3BE1496-27FA-4B1B-B8B2-A9DC8DDDC4C3}"
EndProject
Project("{9A19103F-16F7-4668-BE54-9A1E7A4F7556}") = "Application", "src\demoProjects\rentACar\Application\Application.csproj", "{340C0C7F-5E5C-4097-9C25-B5964BBDC2D6}"
EndProject
Project("{9A19103F-16F7-4668-BE54-9A1E7A4F7556}") = "Domain", "src\demoProjects\rentACar\Domain\Domain.csproj", "{BB849BC7-4B6B-4D55-BB2D-C90CD3D2FFD5}"
EndProject
Project("{9A19103F-16F7-4668-BE54-9A1E7A4F7556}") = "Infrastructure", "src\demoProjects\rentACar\Infrastructure\Infrastructure.csproj", "{EAC94DA5-0929-42B9-95BE-1753255ACE83}"
EndProject
Project("{9A19103F-16F7-4668-BE54-9A1E7A4F7556}") = "Persistence", "src\demoProjects\rentACar\Persistence\Persistence.csproj", "{5A128E9B-B7D9-43F5-8E22-2E998D70252E}"
EndProject
Project("{9A19103F-16F7-4668-BE54-9A1E7A4F7556}") = "WebAPI", "src\demoProjects\rentACar\WebAPI\WebAPI.csproj", "{B3A9582B-1FEA-4055-984E-829D05248B11}"
EndProject
Project("{2150E333-8FDC-42A3-9474-1A3956D46DE8}") = "rentACar2", "rentACar2", "{C72B3A29-6FE4-492D-AA32-E8223D893566}"
EndProject
Project("{9A19103F-16F7-4668-BE54-9A1E7A4F7556}") = "Application", "src\demoProjects\rentACar2\Application\Application.csproj", "{2E1AFA6A-5E42-4684-A631-11B7BB110D7B}"
EndProject
Project("{9A19103F-16F7-4668-BE54-9A1E7A4F7556}") = "Domain", "src\demoProjects\rentACar2\Domain\Domain.csproj", "{848BB548-2F33-4D4D-B8D3-235E7440992F}"
EndProject
Project("{9A19103F-16F7-4668-BE54-9A1E7A4F7556}") = "Infrastructure", "src\demoProjects\rentACar2\Infrastructure\Infrastructure.csproj", "{5E63090E-9D8E-477F-AAF1-5F06C0811B36}"
EndProject
Project("{9A19103F-16F7-4668-BE54-9A1E7A4F7556}") = "Persistence", "src\demoProjects\rentACar2\Persistence\Persistence.csproj", "{9372E409-CB61-4F8B-9320-48FA1324B9A2}"
EndProject
Project("{9A19103F-16F7-4668-BE54-9A1E7A4F7556}") = "WebAPI", "src\demoProjects\rentACar2\WebAPI\WebAPI.csproj", "{133196CF-D133-4953-9280-C1A5A024330F}"
EndProject
Project("{2150E333-8FDC-42A3-9474-1A3956D46DE8}") = "Kodlama.io.Devs", "Kodlama.io.Devs", "{6B6E6FD6-8AC9-44EA-A4D3-3E5D10392B7C}"
EndProject
Project("{FAE04EC0-301F-11D3-BF4B-00C04F79EFBC}") = "Devs.Application", "src\demoProjects\Kodlama.io.Devs\Devs.Application\Devs.Application.csproj", "{5CE35E9C-1A56-4ECE-B5DC-FC44658E5854}"
EndProject
Project("{FAE04EC0-301F-11D3-BF4B-00C04F79EFBC}") = "Devs.Domain", "src\demoProjects\Kodlama.io.Devs\Devs.Domain\Devs.Domain.csproj", "{378BFC51-0A86-409D-9CB4-AB4554DB0B7C}"
EndProject
Project("{FAE04EC0-301F-11D3-BF4B-00C04F79EFBC}") = "Devs.Infrastructure", "src\demoProjects\Kodlama.io.Devs\Devs.Infrastructure\Devs.Infrastructure.csproj", "{49DDD477-C186-40D2-9B29-D13109C81A4C}"
EndProject
Project("{FAE04EC0-301F-11D3-BF4B-00C04F79EFBC}") = "Devs.Persistence", "src\demoProjects\Kodlama.io.Devs\Devs.Persistence\Devs.Persistence.csproj", "{74085647-C535-4FF7-AE01-D4BF766CA770}"
EndProject
Project("{FAE04EC0-301F-11D3-BF4B-00C04F79EFBC}") = "Devs.WebAPI", "src\demoProjects\Kodlama.io.Devs\Devs.WebAPI\Devs.WebAPI.csproj", "{FC29F157-5861-4A18-AB02-64759D4511D7}"
EndProject
Global
	GlobalSection(SolutionConfigurationPlatforms) = preSolution
		Debug|Any CPU = Debug|Any CPU
		Release|Any CPU = Release|Any CPU
	EndGlobalSection
	GlobalSection(ProjectConfigurationPlatforms) = postSolution
		{CD9A8AA1-5CAB-4218-91C5-2550BB86354A}.Debug|Any CPU.ActiveCfg = Debug|Any CPU
		{CD9A8AA1-5CAB-4218-91C5-2550BB86354A}.Debug|Any CPU.Build.0 = Debug|Any CPU
		{CD9A8AA1-5CAB-4218-91C5-2550BB86354A}.Release|Any CPU.ActiveCfg = Release|Any CPU
		{CD9A8AA1-5CAB-4218-91C5-2550BB86354A}.Release|Any CPU.Build.0 = Release|Any CPU
		{A6D04B11-0C09-4361-B044-B743F61D9E06}.Debug|Any CPU.ActiveCfg = Debug|Any CPU
		{A6D04B11-0C09-4361-B044-B743F61D9E06}.Debug|Any CPU.Build.0 = Debug|Any CPU
		{A6D04B11-0C09-4361-B044-B743F61D9E06}.Release|Any CPU.ActiveCfg = Release|Any CPU
		{A6D04B11-0C09-4361-B044-B743F61D9E06}.Release|Any CPU.Build.0 = Release|Any CPU
		{EAE0F331-1D99-42F6-9926-34C3EAD78BBF}.Debug|Any CPU.ActiveCfg = Debug|Any CPU
		{EAE0F331-1D99-42F6-9926-34C3EAD78BBF}.Debug|Any CPU.Build.0 = Debug|Any CPU
		{EAE0F331-1D99-42F6-9926-34C3EAD78BBF}.Release|Any CPU.ActiveCfg = Release|Any CPU
		{EAE0F331-1D99-42F6-9926-34C3EAD78BBF}.Release|Any CPU.Build.0 = Release|Any CPU
		{4EA615C5-8C04-4EA1-91DA-C86DA54D2E63}.Debug|Any CPU.ActiveCfg = Debug|Any CPU
		{4EA615C5-8C04-4EA1-91DA-C86DA54D2E63}.Debug|Any CPU.Build.0 = Debug|Any CPU
		{4EA615C5-8C04-4EA1-91DA-C86DA54D2E63}.Release|Any CPU.ActiveCfg = Release|Any CPU
		{4EA615C5-8C04-4EA1-91DA-C86DA54D2E63}.Release|Any CPU.Build.0 = Release|Any CPU
		{54635492-7F95-449B-8C5B-493566F68D4A}.Debug|Any CPU.ActiveCfg = Debug|Any CPU
		{54635492-7F95-449B-8C5B-493566F68D4A}.Debug|Any CPU.Build.0 = Debug|Any CPU
		{54635492-7F95-449B-8C5B-493566F68D4A}.Release|Any CPU.ActiveCfg = Release|Any CPU
		{54635492-7F95-449B-8C5B-493566F68D4A}.Release|Any CPU.Build.0 = Release|Any CPU
		{00AA7CFA-B348-4303-B3D0-40750DA10B94}.Debug|Any CPU.ActiveCfg = Debug|Any CPU
		{00AA7CFA-B348-4303-B3D0-40750DA10B94}.Debug|Any CPU.Build.0 = Debug|Any CPU
		{00AA7CFA-B348-4303-B3D0-40750DA10B94}.Release|Any CPU.ActiveCfg = Release|Any CPU
		{00AA7CFA-B348-4303-B3D0-40750DA10B94}.Release|Any CPU.Build.0 = Release|Any CPU
		{78EA22FC-B933-4349-A097-556A076009F1}.Debug|Any CPU.ActiveCfg = Debug|Any CPU
		{78EA22FC-B933-4349-A097-556A076009F1}.Debug|Any CPU.Build.0 = Debug|Any CPU
		{78EA22FC-B933-4349-A097-556A076009F1}.Release|Any CPU.ActiveCfg = Release|Any CPU
		{78EA22FC-B933-4349-A097-556A076009F1}.Release|Any CPU.Build.0 = Release|Any CPU
		{D0D4D281-24C1-4EE0-88D6-01FA18B90442}.Debug|Any CPU.ActiveCfg = Debug|Any CPU
		{D0D4D281-24C1-4EE0-88D6-01FA18B90442}.Debug|Any CPU.Build.0 = Debug|Any CPU
		{D0D4D281-24C1-4EE0-88D6-01FA18B90442}.Release|Any CPU.ActiveCfg = Release|Any CPU
		{D0D4D281-24C1-4EE0-88D6-01FA18B90442}.Release|Any CPU.Build.0 = Release|Any CPU
		{1A88B2CE-A954-4709-B15E-F6F1210AD2FD}.Debug|Any CPU.ActiveCfg = Debug|Any CPU
		{1A88B2CE-A954-4709-B15E-F6F1210AD2FD}.Debug|Any CPU.Build.0 = Debug|Any CPU
		{1A88B2CE-A954-4709-B15E-F6F1210AD2FD}.Release|Any CPU.ActiveCfg = Release|Any CPU
		{1A88B2CE-A954-4709-B15E-F6F1210AD2FD}.Release|Any CPU.Build.0 = Release|Any CPU
		{53D6E924-1C32-4039-8192-CE1BEA129C61}.Debug|Any CPU.ActiveCfg = Debug|Any CPU
		{53D6E924-1C32-4039-8192-CE1BEA129C61}.Debug|Any CPU.Build.0 = Debug|Any CPU
		{53D6E924-1C32-4039-8192-CE1BEA129C61}.Release|Any CPU.ActiveCfg = Release|Any CPU
		{53D6E924-1C32-4039-8192-CE1BEA129C61}.Release|Any CPU.Build.0 = Release|Any CPU
		{54568B1F-31E7-4BA3-A2ED-826E85050603}.Debug|Any CPU.ActiveCfg = Debug|Any CPU
		{54568B1F-31E7-4BA3-A2ED-826E85050603}.Debug|Any CPU.Build.0 = Debug|Any CPU
		{54568B1F-31E7-4BA3-A2ED-826E85050603}.Release|Any CPU.ActiveCfg = Release|Any CPU
		{54568B1F-31E7-4BA3-A2ED-826E85050603}.Release|Any CPU.Build.0 = Release|Any CPU
		{340C0C7F-5E5C-4097-9C25-B5964BBDC2D6}.Debug|Any CPU.ActiveCfg = Debug|Any CPU
		{340C0C7F-5E5C-4097-9C25-B5964BBDC2D6}.Debug|Any CPU.Build.0 = Debug|Any CPU
		{340C0C7F-5E5C-4097-9C25-B5964BBDC2D6}.Release|Any CPU.ActiveCfg = Release|Any CPU
		{340C0C7F-5E5C-4097-9C25-B5964BBDC2D6}.Release|Any CPU.Build.0 = Release|Any CPU
		{BB849BC7-4B6B-4D55-BB2D-C90CD3D2FFD5}.Debug|Any CPU.ActiveCfg = Debug|Any CPU
		{BB849BC7-4B6B-4D55-BB2D-C90CD3D2FFD5}.Debug|Any CPU.Build.0 = Debug|Any CPU
		{BB849BC7-4B6B-4D55-BB2D-C90CD3D2FFD5}.Release|Any CPU.ActiveCfg = Release|Any CPU
		{BB849BC7-4B6B-4D55-BB2D-C90CD3D2FFD5}.Release|Any CPU.Build.0 = Release|Any CPU
		{EAC94DA5-0929-42B9-95BE-1753255ACE83}.Debug|Any CPU.ActiveCfg = Debug|Any CPU
		{EAC94DA5-0929-42B9-95BE-1753255ACE83}.Debug|Any CPU.Build.0 = Debug|Any CPU
		{EAC94DA5-0929-42B9-95BE-1753255ACE83}.Release|Any CPU.ActiveCfg = Release|Any CPU
		{EAC94DA5-0929-42B9-95BE-1753255ACE83}.Release|Any CPU.Build.0 = Release|Any CPU
		{5A128E9B-B7D9-43F5-8E22-2E998D70252E}.Debug|Any CPU.ActiveCfg = Debug|Any CPU
		{5A128E9B-B7D9-43F5-8E22-2E998D70252E}.Debug|Any CPU.Build.0 = Debug|Any CPU
		{5A128E9B-B7D9-43F5-8E22-2E998D70252E}.Release|Any CPU.ActiveCfg = Release|Any CPU
		{5A128E9B-B7D9-43F5-8E22-2E998D70252E}.Release|Any CPU.Build.0 = Release|Any CPU
		{B3A9582B-1FEA-4055-984E-829D05248B11}.Debug|Any CPU.ActiveCfg = Debug|Any CPU
		{B3A9582B-1FEA-4055-984E-829D05248B11}.Debug|Any CPU.Build.0 = Debug|Any CPU
		{B3A9582B-1FEA-4055-984E-829D05248B11}.Release|Any CPU.ActiveCfg = Release|Any CPU
		{B3A9582B-1FEA-4055-984E-829D05248B11}.Release|Any CPU.Build.0 = Release|Any CPU
		{2E1AFA6A-5E42-4684-A631-11B7BB110D7B}.Debug|Any CPU.ActiveCfg = Debug|Any CPU
		{2E1AFA6A-5E42-4684-A631-11B7BB110D7B}.Debug|Any CPU.Build.0 = Debug|Any CPU
		{2E1AFA6A-5E42-4684-A631-11B7BB110D7B}.Release|Any CPU.ActiveCfg = Release|Any CPU
		{2E1AFA6A-5E42-4684-A631-11B7BB110D7B}.Release|Any CPU.Build.0 = Release|Any CPU
		{848BB548-2F33-4D4D-B8D3-235E7440992F}.Debug|Any CPU.ActiveCfg = Debug|Any CPU
		{848BB548-2F33-4D4D-B8D3-235E7440992F}.Debug|Any CPU.Build.0 = Debug|Any CPU
		{848BB548-2F33-4D4D-B8D3-235E7440992F}.Release|Any CPU.ActiveCfg = Release|Any CPU
		{848BB548-2F33-4D4D-B8D3-235E7440992F}.Release|Any CPU.Build.0 = Release|Any CPU
		{5E63090E-9D8E-477F-AAF1-5F06C0811B36}.Debug|Any CPU.ActiveCfg = Debug|Any CPU
		{5E63090E-9D8E-477F-AAF1-5F06C0811B36}.Debug|Any CPU.Build.0 = Debug|Any CPU
		{5E63090E-9D8E-477F-AAF1-5F06C0811B36}.Release|Any CPU.ActiveCfg = Release|Any CPU
		{5E63090E-9D8E-477F-AAF1-5F06C0811B36}.Release|Any CPU.Build.0 = Release|Any CPU
		{9372E409-CB61-4F8B-9320-48FA1324B9A2}.Debug|Any CPU.ActiveCfg = Debug|Any CPU
		{9372E409-CB61-4F8B-9320-48FA1324B9A2}.Debug|Any CPU.Build.0 = Debug|Any CPU
		{9372E409-CB61-4F8B-9320-48FA1324B9A2}.Release|Any CPU.ActiveCfg = Release|Any CPU
		{9372E409-CB61-4F8B-9320-48FA1324B9A2}.Release|Any CPU.Build.0 = Release|Any CPU
		{133196CF-D133-4953-9280-C1A5A024330F}.Debug|Any CPU.ActiveCfg = Debug|Any CPU
		{133196CF-D133-4953-9280-C1A5A024330F}.Debug|Any CPU.Build.0 = Debug|Any CPU
		{133196CF-D133-4953-9280-C1A5A024330F}.Release|Any CPU.ActiveCfg = Release|Any CPU
		{133196CF-D133-4953-9280-C1A5A024330F}.Release|Any CPU.Build.0 = Release|Any CPU
		{5CE35E9C-1A56-4ECE-B5DC-FC44658E5854}.Debug|Any CPU.ActiveCfg = Debug|Any CPU
		{5CE35E9C-1A56-4ECE-B5DC-FC44658E5854}.Debug|Any CPU.Build.0 = Debug|Any CPU
		{5CE35E9C-1A56-4ECE-B5DC-FC44658E5854}.Release|Any CPU.ActiveCfg = Release|Any CPU
		{5CE35E9C-1A56-4ECE-B5DC-FC44658E5854}.Release|Any CPU.Build.0 = Release|Any CPU
		{378BFC51-0A86-409D-9CB4-AB4554DB0B7C}.Debug|Any CPU.ActiveCfg = Debug|Any CPU
		{378BFC51-0A86-409D-9CB4-AB4554DB0B7C}.Debug|Any CPU.Build.0 = Debug|Any CPU
		{378BFC51-0A86-409D-9CB4-AB4554DB0B7C}.Release|Any CPU.ActiveCfg = Release|Any CPU
		{378BFC51-0A86-409D-9CB4-AB4554DB0B7C}.Release|Any CPU.Build.0 = Release|Any CPU
		{49DDD477-C186-40D2-9B29-D13109C81A4C}.Debug|Any CPU.ActiveCfg = Debug|Any CPU
		{49DDD477-C186-40D2-9B29-D13109C81A4C}.Debug|Any CPU.Build.0 = Debug|Any CPU
		{49DDD477-C186-40D2-9B29-D13109C81A4C}.Release|Any CPU.ActiveCfg = Release|Any CPU
		{49DDD477-C186-40D2-9B29-D13109C81A4C}.Release|Any CPU.Build.0 = Release|Any CPU
		{74085647-C535-4FF7-AE01-D4BF766CA770}.Debug|Any CPU.ActiveCfg = Debug|Any CPU
		{74085647-C535-4FF7-AE01-D4BF766CA770}.Debug|Any CPU.Build.0 = Debug|Any CPU
		{74085647-C535-4FF7-AE01-D4BF766CA770}.Release|Any CPU.ActiveCfg = Release|Any CPU
		{74085647-C535-4FF7-AE01-D4BF766CA770}.Release|Any CPU.Build.0 = Release|Any CPU
		{FC29F157-5861-4A18-AB02-64759D4511D7}.Debug|Any CPU.ActiveCfg = Debug|Any CPU
		{FC29F157-5861-4A18-AB02-64759D4511D7}.Debug|Any CPU.Build.0 = Debug|Any CPU
		{FC29F157-5861-4A18-AB02-64759D4511D7}.Release|Any CPU.ActiveCfg = Release|Any CPU
		{FC29F157-5861-4A18-AB02-64759D4511D7}.Release|Any CPU.Build.0 = Release|Any CPU
	EndGlobalSection
	GlobalSection(SolutionProperties) = preSolution
		HideSolutionNode = FALSE
	EndGlobalSection
	GlobalSection(NestedProjects) = preSolution
		{01B7F227-CE8F-41FD-9AF8-6AF5E5259161} = {CFFB1EB9-6447-4C20-8400-27D7E2B04508}
		{84E05683-0E4A-4FB1-8FD4-9F0C509BC74C} = {CFFB1EB9-6447-4C20-8400-27D7E2B04508}
		{CD9A8AA1-5CAB-4218-91C5-2550BB86354A} = {01B7F227-CE8F-41FD-9AF8-6AF5E5259161}
		{A6D04B11-0C09-4361-B044-B743F61D9E06} = {01B7F227-CE8F-41FD-9AF8-6AF5E5259161}
		{EAE0F331-1D99-42F6-9926-34C3EAD78BBF} = {01B7F227-CE8F-41FD-9AF8-6AF5E5259161}
		{4EA615C5-8C04-4EA1-91DA-C86DA54D2E63} = {01B7F227-CE8F-41FD-9AF8-6AF5E5259161}
		{54635492-7F95-449B-8C5B-493566F68D4A} = {01B7F227-CE8F-41FD-9AF8-6AF5E5259161}
		{00AA7CFA-B348-4303-B3D0-40750DA10B94} = {01B7F227-CE8F-41FD-9AF8-6AF5E5259161}
		{11C509DD-21AC-415F-B2F2-EB58985F2703} = {84E05683-0E4A-4FB1-8FD4-9F0C509BC74C}
		{78EA22FC-B933-4349-A097-556A076009F1} = {11C509DD-21AC-415F-B2F2-EB58985F2703}
		{D0D4D281-24C1-4EE0-88D6-01FA18B90442} = {11C509DD-21AC-415F-B2F2-EB58985F2703}
		{1A88B2CE-A954-4709-B15E-F6F1210AD2FD} = {11C509DD-21AC-415F-B2F2-EB58985F2703}
		{53D6E924-1C32-4039-8192-CE1BEA129C61} = {11C509DD-21AC-415F-B2F2-EB58985F2703}
		{54568B1F-31E7-4BA3-A2ED-826E85050603} = {11C509DD-21AC-415F-B2F2-EB58985F2703}
		{E3BE1496-27FA-4B1B-B8B2-A9DC8DDDC4C3} = {84E05683-0E4A-4FB1-8FD4-9F0C509BC74C}
		{340C0C7F-5E5C-4097-9C25-B5964BBDC2D6} = {E3BE1496-27FA-4B1B-B8B2-A9DC8DDDC4C3}
		{BB849BC7-4B6B-4D55-BB2D-C90CD3D2FFD5} = {E3BE1496-27FA-4B1B-B8B2-A9DC8DDDC4C3}
		{EAC94DA5-0929-42B9-95BE-1753255ACE83} = {E3BE1496-27FA-4B1B-B8B2-A9DC8DDDC4C3}
		{5A128E9B-B7D9-43F5-8E22-2E998D70252E} = {E3BE1496-27FA-4B1B-B8B2-A9DC8DDDC4C3}
		{B3A9582B-1FEA-4055-984E-829D05248B11} = {E3BE1496-27FA-4B1B-B8B2-A9DC8DDDC4C3}
		{C72B3A29-6FE4-492D-AA32-E8223D893566} = {84E05683-0E4A-4FB1-8FD4-9F0C509BC74C}
		{2E1AFA6A-5E42-4684-A631-11B7BB110D7B} = {C72B3A29-6FE4-492D-AA32-E8223D893566}
		{848BB548-2F33-4D4D-B8D3-235E7440992F} = {C72B3A29-6FE4-492D-AA32-E8223D893566}
		{5E63090E-9D8E-477F-AAF1-5F06C0811B36} = {C72B3A29-6FE4-492D-AA32-E8223D893566}
		{9372E409-CB61-4F8B-9320-48FA1324B9A2} = {C72B3A29-6FE4-492D-AA32-E8223D893566}
		{133196CF-D133-4953-9280-C1A5A024330F} = {C72B3A29-6FE4-492D-AA32-E8223D893566}
		{6B6E6FD6-8AC9-44EA-A4D3-3E5D10392B7C} = {84E05683-0E4A-4FB1-8FD4-9F0C509BC74C}
		{5CE35E9C-1A56-4ECE-B5DC-FC44658E5854} = {6B6E6FD6-8AC9-44EA-A4D3-3E5D10392B7C}
		{378BFC51-0A86-409D-9CB4-AB4554DB0B7C} = {6B6E6FD6-8AC9-44EA-A4D3-3E5D10392B7C}
		{49DDD477-C186-40D2-9B29-D13109C81A4C} = {6B6E6FD6-8AC9-44EA-A4D3-3E5D10392B7C}
		{74085647-C535-4FF7-AE01-D4BF766CA770} = {6B6E6FD6-8AC9-44EA-A4D3-3E5D10392B7C}
		{FC29F157-5861-4A18-AB02-64759D4511D7} = {6B6E6FD6-8AC9-44EA-A4D3-3E5D10392B7C}
	EndGlobalSection
	GlobalSection(ExtensibilityGlobals) = postSolution
		SolutionGuid = {C127633B-AB1B-43AE-A516-DCF06F13F757}
	EndGlobalSection
EndGlobal
